
Microsoft Visual Studio Solution File, Format Version 12.00
# Visual Studio Version 17
VisualStudioVersion = 17.7.34031.279
MinimumVisualStudioVersion = 10.0.40219.1
Project("{FAE04EC0-301F-11D3-BF4B-00C04F79EFBC}") = "Mini_projet_net", "Mini_projet_net\Mini_projet_net.csproj", "{428B9778-4218-4EEA-8B17-547B8FF66F8A}"
EndProject
Global
	GlobalSection(SolutionConfigurationPlatforms) = preSolution
		Debug|Any CPU = Debug|Any CPU
		Release|Any CPU = Release|Any CPU
	EndGlobalSection
	GlobalSection(ProjectConfigurationPlatforms) = postSolution
		{428B9778-4218-4EEA-8B17-547B8FF66F8A}.Debug|Any CPU.ActiveCfg = Debug|Any CPU
		{428B9778-4218-4EEA-8B17-547B8FF66F8A}.Debug|Any CPU.Build.0 = Debug|Any CPU
		{428B9778-4218-4EEA-8B17-547B8FF66F8A}.Release|Any CPU.ActiveCfg = Release|Any CPU
		{428B9778-4218-4EEA-8B17-547B8FF66F8A}.Release|Any CPU.Build.0 = Release|Any CPU
	EndGlobalSection
	GlobalSection(SolutionProperties) = preSolution
		HideSolutionNode = FALSE
	EndGlobalSection
	GlobalSection(ExtensibilityGlobals) = postSolution
		SolutionGuid = {EEF26146-D31B-4ED6-96B4-69A60F1E2E74}
	EndGlobalSection
EndGlobal
